// !$*UTF8*$!
{
	archiveVersion = 1;
	classes = {
	};
	objectVersion = 46;
	objects = {

/* Begin PBXBuildFile section */
		2377B96C1ED6DF0C003A7A49 /* main.m in Sources */ = {isa = PBXBuildFile; fileRef = 2377B96B1ED6DF0C003A7A49 /* main.m */; };
		2377B96F1ED6DF0C003A7A49 /* AppDelegate.m in Sources */ = {isa = PBXBuildFile; fileRef = 2377B96E1ED6DF0C003A7A49 /* AppDelegate.m */; };
		2377B9721ED6DF0C003A7A49 /* ViewController.m in Sources */ = {isa = PBXBuildFile; fileRef = 2377B9711ED6DF0C003A7A49 /* ViewController.m */; };
		2377B9751ED6DF0C003A7A49 /* Main.storyboard in Resources */ = {isa = PBXBuildFile; fileRef = 2377B9731ED6DF0C003A7A49 /* Main.storyboard */; };
		2377B9771ED6DF0C003A7A49 /* Assets.xcassets in Resources */ = {isa = PBXBuildFile; fileRef = 2377B9761ED6DF0C003A7A49 /* Assets.xcassets */; };
		2377B97A1ED6DF0C003A7A49 /* LaunchScreen.storyboard in Resources */ = {isa = PBXBuildFile; fileRef = 2377B9781ED6DF0C003A7A49 /* LaunchScreen.storyboard */; };
/* End PBXBuildFile section */

/* Begin PBXFileReference section */
		2377B9671ED6DF0C003A7A49 /* YJSelectionView.app */ = {isa = PBXFileReference; explicitFileType = wrapper.application; includeInIndex = 0; path = YJSelectionView.app; sourceTree = BUILT_PRODUCTS_DIR; };
		2377B96B1ED6DF0C003A7A49 /* main.m */ = {isa = PBXFileReference; lastKnownFileType = sourcecode.c.objc; path = main.m; sourceTree = "<group>"; };
		2377B96D1ED6DF0C003A7A49 /* AppDelegate.h */ = {isa = PBXFileReference; lastKnownFileType = sourcecode.c.h; path = AppDelegate.h; sourceTree = "<group>"; };
		2377B96E1ED6DF0C003A7A49 /* AppDelegate.m */ = {isa = PBXFileReference; lastKnownFileType = sourcecode.c.objc; path = AppDelegate.m; sourceTree = "<group>"; };
		2377B9701ED6DF0C003A7A49 /* ViewController.h */ = {isa = PBXFileReference; lastKnownFileType = sourcecode.c.h; path = ViewController.h; sourceTree = "<group>"; };
		2377B9711ED6DF0C003A7A49 /* ViewController.m */ = {isa = PBXFileReference; lastKnownFileType = sourcecode.c.objc; path = ViewController.m; sourceTree = "<group>"; };
		2377B9741ED6DF0C003A7A49 /* Base */ = {isa = PBXFileReference; lastKnownFileType = file.storyboard; name = Base; path = Base.lproj/Main.storyboard; sourceTree = "<group>"; };
		2377B9761ED6DF0C003A7A49 /* Assets.xcassets */ = {isa = PBXFileReference; lastKnownFileType = folder.assetcatalog; path = Assets.xcassets; sourceTree = "<group>"; };
		2377B9791ED6DF0C003A7A49 /* Base */ = {isa = PBXFileReference; lastKnownFileType = file.storyboard; name = Base; path = Base.lproj/LaunchScreen.storyboard; sourceTree = "<group>"; };
		2377B97B1ED6DF0C003A7A49 /* Info.plist */ = {isa = PBXFileReference; lastKnownFileType = text.plist.xml; path = Info.plist; sourceTree = "<group>"; };
/* End PBXFileReference section */

/* Begin PBXFrameworksBuildPhase section */
		2377B9641ED6DF0C003A7A49 /* Frameworks */ = {
			isa = PBXFrameworksBuildPhase;
			buildActionMask = 2147483647;
			files = (
			);
			runOnlyForDeploymentPostprocessing = 0;
		};
/* End PBXFrameworksBuildPhase section */

/* Begin PBXGroup section */
		2377B95E1ED6DF0C003A7A49 = {
			isa = PBXGroup;
			children = (
				2377B9691ED6DF0C003A7A49 /* YJSelectionView */,
				2377B9681ED6DF0C003A7A49 /* Products */,
			);
			sourceTree = "<group>";
		};
		2377B9681ED6DF0C003A7A49 /* Products */ = {
			isa = PBXGroup;
			children = (
				2377B9671ED6DF0C003A7A49 /* YJSelectionView.app */,
			);
			name = Products;
			sourceTree = "<group>";
		};
		2377B9691ED6DF0C003A7A49 /* YJSelectionView */ = {
			isa = PBXGroup;
			children = (
				2377B96D1ED6DF0C003A7A49 /* AppDelegate.h */,
				2377B96E1ED6DF0C003A7A49 /* AppDelegate.m */,
				2377B9701ED6DF0C003A7A49 /* ViewController.h */,
				2377B9711ED6DF0C003A7A49 /* ViewController.m */,
				2377B9731ED6DF0C003A7A49 /* Main.storyboard */,
				2377B9761ED6DF0C003A7A49 /* Assets.xcassets */,
				2377B9781ED6DF0C003A7A49 /* LaunchScreen.storyboard */,
				2377B97B1ED6DF0C003A7A49 /* Info.plist */,
				2377B96A1ED6DF0C003A7A49 /* Supporting Files */,
			);
			path = YJSelectionView;
			sourceTree = "<group>";
		};
		2377B96A1ED6DF0C003A7A49 /* Supporting Files */ = {
			isa = PBXGroup;
			children = (
				2377B96B1ED6DF0C003A7A49 /* main.m */,
			);
			name = "Supporting Files";
			sourceTree = "<group>";
		};
/* End PBXGroup section */

/* Begin PBXNativeTarget section */
		2377B9661ED6DF0C003A7A49 /* YJSelectionView */ = {
			isa = PBXNativeTarget;
			buildConfigurationList = 2377B97E1ED6DF0C003A7A49 /* Build configuration list for PBXNativeTarget "YJSelectionView" */;
			buildPhases = (
				2377B9631ED6DF0C003A7A49 /* Sources */,
				2377B9641ED6DF0C003A7A49 /* Frameworks */,
				2377B9651ED6DF0C003A7A49 /* Resources */,
			);
			buildRules = (
			);
			dependencies = (
			);
			name = YJSelectionView;
			productName = YJSelectionView;
			productReference = 2377B9671ED6DF0C003A7A49 /* YJSelectionView.app */;
			productType = "com.apple.product-type.application";
		};
/* End PBXNativeTarget section */

/* Begin PBXProject section */
		2377B95F1ED6DF0C003A7A49 /* Project object */ = {
			isa = PBXProject;
			attributes = {
				LastUpgradeCheck = 0830;
				ORGANIZATIONNAME = Jake;
				TargetAttributes = {
					2377B9661ED6DF0C003A7A49 = {
						CreatedOnToolsVersion = 8.3.2;
						ProvisioningStyle = Automatic;
					};
				};
			};
			buildConfigurationList = 2377B9621ED6DF0C003A7A49 /* Build configuration list for PBXProject "YJSelectionView" */;
			compatibilityVersion = "Xcode 3.2";
			developmentRegion = English;
			hasScannedForEncodings = 0;
			knownRegions = (
				en,
				Base,
			);
			mainGroup = 2377B95E1ED6DF0C003A7A49;
			productRefGroup = 2377B9681ED6DF0C003A7A49 /* Products */;
			projectDirPath = "";
			projectRoot = "";
			targets = (
				2377B9661ED6DF0C003A7A49 /* YJSelectionView */,
			);
		};
/* End PBXProject section */

/* Begin PBXResourcesBuildPhase section */
		2377B9651ED6DF0C003A7A49 /* Resources */ = {
			isa = PBXResourcesBuildPhase;
			buildActionMask = 2147483647;
			files = (
				2377B97A1ED6DF0C003A7A49 /* LaunchScreen.storyboard in Resources */,
				2377B9771ED6DF0C003A7A49 /* Assets.xcassets in Resources */,
				2377B9751ED6DF0C003A7A49 /* Main.storyboard in Resources */,
			);
			runOnlyForDeploymentPostprocessing = 0;
		};
/* End PBXResourcesBuildPhase section */

/* Begin PBXSourcesBuildPhase section */
		2377B9631ED6DF0C003A7A49 /* Sources */ = {
			isa = PBXSourcesBuildPhase;
			buildActionMask = 2147483647;
			files = (
				2377B9721ED6DF0C003A7A49 /* ViewController.m in Sources */,
				2377B96F1ED6DF0C003A7A49 /* AppDelegate.m in Sources */,
				2377B96C1ED6DF0C003A7A49 /* main.m in Sources */,
			);
			runOnlyForDeploymentPostprocessing = 0;
		};
/* End PBXSourcesBuildPhase section */

/* Begin PBXVariantGroup section */
		2377B9731ED6DF0C003A7A49 /* Main.storyboard */ = {
			isa = PBXVariantGroup;
			children = (
				2377B9741ED6DF0C003A7A49 /* Base */,
			);
			name = Main.storyboard;
			sourceTree = "<group>";
		};
		2377B9781ED6DF0C003A7A49 /* LaunchScreen.storyboard */ = {
			isa = PBXVariantGroup;
			children = (
				2377B9791ED6DF0C003A7A49 /* Base */,
			);
			name = LaunchScreen.storyboard;
			sourceTree = "<group>";
		};
/* End PBXVariantGroup section */

/* Begin XCBuildConfiguration section */
		2377B97C1ED6DF0C003A7A49 /* Debug */ = {
			isa = XCBuildConfiguration;
			buildSettings = {
				ALWAYS_SEARCH_USER_PATHS = NO;
				CLANG_ANALYZER_NONNULL = YES;
				CLANG_ANALYZER_NUMBER_OBJECT_CONVERSION = YES_AGGRESSIVE;
				CLANG_CXX_LANGUAGE_STANDARD = "gnu++0x";
				CLANG_CXX_LIBRARY = "libc++";
				CLANG_ENABLE_MODULES = YES;
				CLANG_ENABLE_OBJC_ARC = YES;
				CLANG_WARN_BOOL_CONVERSION = YES;
				CLANG_WARN_CONSTANT_CONVERSION = YES;
				CLANG_WARN_DIRECT_OBJC_ISA_USAGE = YES_ERROR;
				CLANG_WARN_DOCUMENTATION_COMMENTS = YES;
				CLANG_WARN_EMPTY_BODY = YES;
				CLANG_WARN_ENUM_CONVERSION = YES;
				CLANG_WARN_INFINITE_RECURSION = YES;
				CLANG_WARN_INT_CONVERSION = YES;
				CLANG_WARN_OBJC_ROOT_CLASS = YES_ERROR;
				CLANG_WARN_SUSPICIOUS_MOVE = YES;
				CLANG_WARN_UNREACHABLE_CODE = YES;
				CLANG_WARN__DUPLICATE_METHOD_MATCH = YES;
				"CODE_SIGN_IDENTITY[sdk=iphoneos*]" = "iPhone Developer";
				COPY_PHASE_STRIP = NO;
				DEBUG_INFORMATION_FORMAT = dwarf;
				ENABLE_STRICT_OBJC_MSGSEND = YES;
				ENABLE_TESTABILITY = YES;
				GCC_C_LANGUAGE_STANDARD = gnu99;
				GCC_DYNAMIC_NO_PIC = NO;
				GCC_NO_COMMON_BLOCKS = YES;
				GCC_OPTIMIZATION_LEVEL = 0;
				GCC_PREPROCESSOR_DEFINITIONS = (
					"DEBUG=1",
					"$(inherited)",
				);
				GCC_WARN_64_TO_32_BIT_CONVERSION = YES;
				GCC_WARN_ABOUT_RETURN_TYPE = YES_ERROR;
				GCC_WARN_UNDECLARED_SELECTOR = YES;
				GCC_WARN_UNINITIALIZED_AUTOS = YES_AGGRESSIVE;
				GCC_WARN_UNUSED_FUNCTION = YES;
				GCC_WARN_UNUSED_VARIABLE = YES;
				IPHONEOS_DEPLOYMENT_TARGET = 10.3;
				MTL_ENABLE_DEBUG_INFO = YES;
				ONLY_ACTIVE_ARCH = YES;
				SDKROOT = iphoneos;
				TARGETED_DEVICE_FAMILY = "1,2";
			};
			name = Debug;
		};
		2377B97D1ED6DF0C003A7A49 /* Release */ = {
			isa = XCBuildConfiguration;
			buildSettings = {
				ALWAYS_SEARCH_USER_PATHS = NO;
				CLANG_ANALYZER_NONNULL = YES;
				CLANG_ANALYZER_NUMBER_OBJECT_CONVERSION = YES_AGGRESSIVE;
				CLANG_CXX_LANGUAGE_STANDARD = "gnu++0x";
				CLANG_CXX_LIBRARY = "libc++";
				CLANG_ENABLE_MODULES = YES;
				CLANG_ENABLE_OBJC_ARC = YES;
				CLANG_WARN_BOOL_CONVERSION = YES;
				CLANG_WARN_CONSTANT_CONVERSION = YES;
				CLANG_WARN_DIRECT_OBJC_ISA_USAGE = YES_ERROR;
				CLANG_WARN_DOCUMENTATION_COMMENTS = YES;
				CLANG_WARN_EMPTY_BODY = YES;
				CLANG_WARN_ENUM_CONVERSION = YES;
				CLANG_WARN_INFINITE_RECURSION = YES;
				CLANG_WARN_INT_CONVERSION = YES;
				CLANG_WARN_OBJC_ROOT_CLASS = YES_ERROR;
				CLANG_WARN_SUSPICIOUS_MOVE = YES;
				CLANG_WARN_UNREACHABLE_CODE = YES;
				CLANG_WARN__DUPLICATE_METHOD_MATCH = YES;
				"CODE_SIGN_IDENTITY[sdk=iphoneos*]" = "iPhone Developer";
				COPY_PHASE_STRIP = NO;
				DEBUG_INFORMATION_FORMAT = "dwarf-with-dsym";
				ENABLE_NS_ASSERTIONS = NO;
				ENABLE_STRICT_OBJC_MSGSEND = YES;
				GCC_C_LANGUAGE_STANDARD = gnu99;
				GCC_NO_COMMON_BLOCKS = YES;
				GCC_WARN_64_TO_32_BIT_CONVERSION = YES;
				GCC_WARN_ABOUT_RETURN_TYPE = YES_ERROR;
				GCC_WARN_UNDECLARED_SELECTOR = YES;
				GCC_WARN_UNINITIALIZED_AUTOS = YES_AGGRESSIVE;
				GCC_WARN_UNUSED_FUNCTION = YES;
				GCC_WARN_UNUSED_VARIABLE = YES;
				IPHONEOS_DEPLOYMENT_TARGET = 10.3;
				MTL_ENABLE_DEBUG_INFO = NO;
				SDKROOT = iphoneos;
				TARGETED_DEVICE_FAMILY = "1,2";
				VALIDATE_PRODUCT = YES;
			};
			name = Release;
		};
		2377B97F1ED6DF0C003A7A49 /* Debug */ = {
			isa = XCBuildConfiguration;
			buildSettings = {
				ASSETCATALOG_COMPILER_APPICON_NAME = AppIcon;
				INFOPLIST_FILE = YJSelectionView/Info.plist;
				LD_RUNPATH_SEARCH_PATHS = "$(inherited) @executable_path/Frameworks";
				PRODUCT_BUNDLE_IDENTIFIER = com.jake.YJSelectionView;
				PRODUCT_NAME = "$(TARGET_NAME)";
			};
			name = Debug;
		};
		2377B9801ED6DF0C003A7A49 /* Release */ = {
			isa = XCBuildConfiguration;
			buildSettings = {
				ASSETCATALOG_COMPILER_APPICON_NAME = AppIcon;
				INFOPLIST_FILE = YJSelectionView/Info.plist;
				LD_RUNPATH_SEARCH_PATHS = "$(inherited) @executable_path/Frameworks";
				PRODUCT_BUNDLE_IDENTIFIER = com.jake.YJSelectionView;
				PRODUCT_NAME = "$(TARGET_NAME)";
			};
			name = Release;
		};
/* End XCBuildConfiguration section */

/* Begin XCConfigurationList section */
		2377B9621ED6DF0C003A7A49 /* Build configuration list for PBXProject "YJSelectionView" */ = {
			isa = XCConfigurationList;
			buildConfigurations = (
				2377B97C1ED6DF0C003A7A49 /* Debug */,
				2377B97D1ED6DF0C003A7A49 /* Release */,
			);
			defaultConfigurationIsVisible = 0;
			defaultConfigurationName = Release;
		};
		2377B97E1ED6DF0C003A7A49 /* Build configuration list for PBXNativeTarget "YJSelectionView" */ = {
			isa = XCConfigurationList;
			buildConfigurations = (
				2377B97F1ED6DF0C003A7A49 /* Debug */,
				2377B9801ED6DF0C003A7A49 /* Release */,
			);
			defaultConfigurationIsVisible = 0;
		};
/* End XCConfigurationList section */
	};
	rootObject = 2377B95F1ED6DF0C003A7A49 /* Project object */;
}
